
Microsoft Visual Studio Solution File, Format Version 12.00
# Visual Studio Version 17
VisualStudioVersion = 17.5.002.0
MinimumVisualStudioVersion = 10.0.40219.1
Project("{9A19103F-16F7-4668-BE54-9A1E7A4F7556}") = "task00", "task00.csproj", "{230289DD-1028-4738-81C6-9AA646B29029}"
EndProject
Global
	GlobalSection(SolutionConfigurationPlatforms) = preSolution
		Debug|Any CPU = Debug|Any CPU
		Release|Any CPU = Release|Any CPU
	EndGlobalSection
	GlobalSection(ProjectConfigurationPlatforms) = postSolution
		{230289DD-1028-4738-81C6-9AA646B29029}.Debug|Any CPU.ActiveCfg = Debug|Any CPU
		{230289DD-1028-4738-81C6-9AA646B29029}.Debug|Any CPU.Build.0 = Debug|Any CPU
		{230289DD-1028-4738-81C6-9AA646B29029}.Release|Any CPU.ActiveCfg = Release|Any CPU
		{230289DD-1028-4738-81C6-9AA646B29029}.Release|Any CPU.Build.0 = Release|Any CPU
	EndGlobalSection
	GlobalSection(SolutionProperties) = preSolution
		HideSolutionNode = FALSE
	EndGlobalSection
	GlobalSection(ExtensibilityGlobals) = postSolution
		SolutionGuid = {60A2881D-6187-4FA9-9D30-3F1512A7313E}
	EndGlobalSection
EndGlobal
